Microsoft Visual Studio Solution File, Format Version 12.00
# Visual Studio Version 17
VisualStudioVersion = 17.5.2.0
MinimumVisualStudioVersion = 10.0.40219.1
Project("{2150E333-8FDC-42A3-9474-1A3956D46DE8}") = "PlataformaCentralDatos", "PlataformaCentralDatos", "{D8A9B2B1-3590-7B10-3D7E-5DF8F6BC60AD}"
EndProject
Project("{FAE04EC0-301F-11D3-BF4B-00C04F79EFBC}") = "PlataformaCentralDatos", "PlataformaCentralDatos\PlataformaCentralDatos\PlataformaCentralDatos.csproj", "{9C4A92EC-B044-8FC6-A114-4C9F20641E5C}"
EndProject
Global
	GlobalSection(SolutionConfigurationPlatforms) = preSolution
		Debug|Any CPU = Debug|Any CPU
		Release|Any CPU = Release|Any CPU
	EndGlobalSection
	GlobalSection(ProjectConfigurationPlatforms) = postSolution
		{9C4A92EC-B044-8FC6-A114-4C9F20641E5C}.Debug|Any CPU.ActiveCfg = Debug|Any CPU
		{9C4A92EC-B044-8FC6-A114-4C9F20641E5C}.Debug|Any CPU.Build.0 = Debug|Any CPU
		{9C4A92EC-B044-8FC6-A114-4C9F20641E5C}.Release|Any CPU.ActiveCfg = Release|Any CPU
		{9C4A92EC-B044-8FC6-A114-4C9F20641E5C}.Release|Any CPU.Build.0 = Release|Any CPU
	EndGlobalSection
	GlobalSection(SolutionProperties) = preSolution
		HideSolutionNode = FALSE
	EndGlobalSection
	GlobalSection(NestedProjects) = preSolution
		{9C4A92EC-B044-8FC6-A114-4C9F20641E5C} = {D8A9B2B1-3590-7B10-3D7E-5DF8F6BC60AD}
	EndGlobalSection
	GlobalSection(ExtensibilityGlobals) = postSolution
		SolutionGuid = {376BF88E-EBD2-4416-B552-460ABA968C4F}
	EndGlobalSection
EndGlobal
